
Microsoft Visual Studio Solution File, Format Version 12.00
# Visual Studio Version 17
VisualStudioVersion = 17.14.37203.1 d17.14
MinimumVisualStudioVersion = 10.0.40219.1
Project("{FAE04EC0-301F-11D3-BF4B-00C04F79EFBC}") = "Laundry Service Management", "Laundry Service Management\Laundry Service Management.csproj", "{B2970921-C55E-4AA7-B335-8C7F5BDDF504}"
EndProject
Global
	GlobalSection(SolutionConfigurationPlatforms) = preSolution
		Debug|Any CPU = Debug|Any CPU
		Release|Any CPU = Release|Any CPU
	EndGlobalSection
	GlobalSection(ProjectConfigurationPlatforms) = postSolution
		{B2970921-C55E-4AA7-B335-8C7F5BDDF504}.Debug|Any CPU.ActiveCfg = Debug|Any CPU
		{B2970921-C55E-4AA7-B335-8C7F5BDDF504}.Debug|Any CPU.Build.0 = Debug|Any CPU
		{B2970921-C55E-4AA7-B335-8C7F5BDDF504}.Release|Any CPU.ActiveCfg = Release|Any CPU
		{B2970921-C55E-4AA7-B335-8C7F5BDDF504}.Release|Any CPU.Build.0 = Release|Any CPU
	EndGlobalSection
	GlobalSection(SolutionProperties) = preSolution
		HideSolutionNode = FALSE
	EndGlobalSection
	GlobalSection(ExtensibilityGlobals) = postSolution
		SolutionGuid = {ADFE6C6E-28D1-4C30-B74E-F9E7B48C6C89}
	EndGlobalSection
EndGlobal
